
Microsoft Visual Studio Solution File, Format Version 12.00
# Visual Studio Version 17
VisualStudioVersion = 17.10.34707.107
MinimumVisualStudioVersion = 10.0.40219.1
Project("{FAE04EC0-301F-11D3-BF4B-00C04F79EFBC}") = "StockStream.Android", "StockStream.Android\StockStream.Android.csproj", "{605ACAEC-30D4-4266-817A-64BE5C00C7F9}"
EndProject
Project("{FAE04EC0-301F-11D3-BF4B-00C04F79EFBC}") = "StockStream.iOS", "StockStream.iOS\StockStream.iOS.csproj", "{3ACE2E3A-9D25-4650-AA74-6425F8A709C7}"
EndProject
Project("{9A19103F-16F7-4668-BE54-9A1E7A4F7556}") = "StockStream", "StockStream\StockStream.csproj", "{DFF6F00F-FE15-4767-873B-59539DCA673D}"
EndProject
Global
	GlobalSection(SolutionConfigurationPlatforms) = preSolution
		Debug|Any CPU = Debug|Any CPU
		Debug|iPhone = Debug|iPhone
		Debug|iPhoneSimulator = Debug|iPhoneSimulator
		Release|Any CPU = Release|Any CPU
		Release|iPhone = Release|iPhone
		Release|iPhoneSimulator = Release|iPhoneSimulator
	EndGlobalSection
	GlobalSection(ProjectConfigurationPlatforms) = postSolution
		{605ACAEC-30D4-4266-817A-64BE5C00C7F9}.Debug|Any CPU.ActiveCfg = Debug|Any CPU
		{605ACAEC-30D4-4266-817A-64BE5C00C7F9}.Debug|Any CPU.Build.0 = Debug|Any CPU
		{605ACAEC-30D4-4266-817A-64BE5C00C7F9}.Debug|Any CPU.Deploy.0 = Debug|Any CPU
		{605ACAEC-30D4-4266-817A-64BE5C00C7F9}.Debug|iPhone.ActiveCfg = Debug|Any CPU
		{605ACAEC-30D4-4266-817A-64BE5C00C7F9}.Debug|iPhone.Build.0 = Debug|Any CPU
		{605ACAEC-30D4-4266-817A-64BE5C00C7F9}.Debug|iPhone.Deploy.0 = Debug|Any CPU
		{605ACAEC-30D4-4266-817A-64BE5C00C7F9}.Debug|iPhoneSimulator.ActiveCfg = Debug|Any CPU
		{605ACAEC-30D4-4266-817A-64BE5C00C7F9}.Debug|iPhoneSimulator.Build.0 = Debug|Any CPU
		{605ACAEC-30D4-4266-817A-64BE5C00C7F9}.Debug|iPhoneSimulator.Deploy.0 = Debug|Any CPU
		{605ACAEC-30D4-4266-817A-64BE5C00C7F9}.Release|Any CPU.ActiveCfg = Release|Any CPU
		{605ACAEC-30D4-4266-817A-64BE5C00C7F9}.Release|Any CPU.Build.0 = Release|Any CPU
		{605ACAEC-30D4-4266-817A-64BE5C00C7F9}.Release|Any CPU.Deploy.0 = Release|Any CPU
		{605ACAEC-30D4-4266-817A-64BE5C00C7F9}.Release|iPhone.ActiveCfg = Release|Any CPU
		{605ACAEC-30D4-4266-817A-64BE5C00C7F9}.Release|iPhone.Build.0 = Release|Any CPU
		{605ACAEC-30D4-4266-817A-64BE5C00C7F9}.Release|iPhone.Deploy.0 = Release|Any CPU
		{605ACAEC-30D4-4266-817A-64BE5C00C7F9}.Release|iPhoneSimulator.ActiveCfg = Release|Any CPU
		{605ACAEC-30D4-4266-817A-64BE5C00C7F9}.Release|iPhoneSimulator.Build.0 = Release|Any CPU
		{605ACAEC-30D4-4266-817A-64BE5C00C7F9}.Release|iPhoneSimulator.Deploy.0 = Release|Any CPU
		{3ACE2E3A-9D25-4650-AA74-6425F8A709C7}.Debug|Any CPU.ActiveCfg = Debug|iPhone
		{3ACE2E3A-9D25-4650-AA74-6425F8A709C7}.Debug|Any CPU.Build.0 = Debug|iPhone
		{3ACE2E3A-9D25-4650-AA74-6425F8A709C7}.Debug|Any CPU.Deploy.0 = Debug|iPhone
		{3ACE2E3A-9D25-4650-AA74-6425F8A709C7}.Debug|iPhone.ActiveCfg = Debug|iPhone
		{3ACE2E3A-9D25-4650-AA74-6425F8A709C7}.Debug|iPhone.Build.0 = Debug|iPhone
		{3ACE2E3A-9D25-4650-AA74-6425F8A709C7}.Debug|iPhone.Deploy.0 = Debug|iPhone
		{3ACE2E3A-9D25-4650-AA74-6425F8A709C7}.Debug|iPhoneSimulator.ActiveCfg = Debug|iPhoneSimulator
		{3ACE2E3A-9D25-4650-AA74-6425F8A709C7}.Debug|iPhoneSimulator.Build.0 = Debug|iPhoneSimulator
		{3ACE2E3A-9D25-4650-AA74-6425F8A709C7}.Debug|iPhoneSimulator.Deploy.0 = Debug|iPhoneSimulator
		{3ACE2E3A-9D25-4650-AA74-6425F8A709C7}.Release|Any CPU.ActiveCfg = Release|iPhoneSimulator
		{3ACE2E3A-9D25-4650-AA74-6425F8A709C7}.Release|Any CPU.Build.0 = Release|iPhoneSimulator
		{3ACE2E3A-9D25-4650-AA74-6425F8A709C7}.Release|Any CPU.Deploy.0 = Release|iPhoneSimulator
		{3ACE2E3A-9D25-4650-AA74-6425F8A709C7}.Release|iPhone.ActiveCfg = Release|iPhone
		{3ACE2E3A-9D25-4650-AA74-6425F8A709C7}.Release|iPhone.Build.0 = Release|iPhone
		{3ACE2E3A-9D25-4650-AA74-6425F8A709C7}.Release|iPhone.Deploy.0 = Release|iPhone
		{3ACE2E3A-9D25-4650-AA74-6425F8A709C7}.Release|iPhoneSimulator.ActiveCfg = Release|iPhoneSimulator
		{3ACE2E3A-9D25-4650-AA74-6425F8A709C7}.Release|iPhoneSimulator.Build.0 = Release|iPhoneSimulator
		{3ACE2E3A-9D25-4650-AA74-6425F8A709C7}.Release|iPhoneSimulator.Deploy.0 = Release|iPhoneSimulator
		{DFF6F00F-FE15-4767-873B-59539DCA673D}.Debug|Any CPU.ActiveCfg = Debug|Any CPU
		{DFF6F00F-FE15-4767-873B-59539DCA673D}.Debug|Any CPU.Build.0 = Debug|Any CPU
		{DFF6F00F-FE15-4767-873B-59539DCA673D}.Debug|Any CPU.Deploy.0 = Debug|Any CPU
		{DFF6F00F-FE15-4767-873B-59539DCA673D}.Debug|iPhone.ActiveCfg = Debug|Any CPU
		{DFF6F00F-FE15-4767-873B-59539DCA673D}.Debug|iPhone.Build.0 = Debug|Any CPU
		{DFF6F00F-FE15-4767-873B-59539DCA673D}.Debug|iPhone.Deploy.0 = Debug|Any CPU
		{DFF6F00F-FE15-4767-873B-59539DCA673D}.Debug|iPhoneSimulator.ActiveCfg = Debug|Any CPU
		{DFF6F00F-FE15-4767-873B-59539DCA673D}.Debug|iPhoneSimulator.Build.0 = Debug|Any CPU
		{DFF6F00F-FE15-4767-873B-59539DCA673D}.Debug|iPhoneSimulator.Deploy.0 = Debug|Any CPU
		{DFF6F00F-FE15-4767-873B-59539DCA673D}.Release|Any CPU.ActiveCfg = Release|Any CPU
		{DFF6F00F-FE15-4767-873B-59539DCA673D}.Release|Any CPU.Build.0 = Release|Any CPU
		{DFF6F00F-FE15-4767-873B-59539DCA673D}.Release|Any CPU.Deploy.0 = Release|Any CPU
		{DFF6F00F-FE15-4767-873B-59539DCA673D}.Release|iPhone.ActiveCfg = Release|Any CPU
		{DFF6F00F-FE15-4767-873B-59539DCA673D}.Release|iPhone.Build.0 = Release|Any CPU
		{DFF6F00F-FE15-4767-873B-59539DCA673D}.Release|iPhone.Deploy.0 = Release|Any CPU
		{DFF6F00F-FE15-4767-873B-59539DCA673D}.Release|iPhoneSimulator.ActiveCfg = Release|Any CPU
		{DFF6F00F-FE15-4767-873B-59539DCA673D}.Release|iPhoneSimulator.Build.0 = Release|Any CPU
		{DFF6F00F-FE15-4767-873B-59539DCA673D}.Release|iPhoneSimulator.Deploy.0 = Release|Any CPU
	EndGlobalSection
	GlobalSection(SolutionProperties) = preSolution
		HideSolutionNode = FALSE
	EndGlobalSection
	GlobalSection(ExtensibilityGlobals) = postSolution
		SolutionGuid = {218B170F-5D33-4058-B52B-475663504E9B}
	EndGlobalSection
EndGlobal
